PODS:
  - RxCocoa (5.1.1):
    - RxRelay (~> 5)
    - RxSwift (~> 5)
  - RxRelay (5.1.1):
    - RxSwift (~> 5)
  - RxSwift (5.1.1)
  - RYFloatingInput (0.1.6):
    - RxCocoa (~> 5.1.1)
    - RxSwift (~> 5.1.1)

DEPENDENCIES:
  - RYFloatingInput (from `../`)

SPEC REPOS:
  trunk:
    - RxCocoa
    - RxRelay
    - RxSwift

EXTERNAL SOURCES:
  RYFloatingInput:
    :path: "../"

SPEC CHECKSUMS:
  RxCocoa: 32065309a38d29b5b0db858819b5bf9ef038b601
  RxRelay: d77f7d771495f43c556cbc43eebd1bb54d01e8e9
  RxSwift: 81470a2074fa8780320ea5fe4102807cb7118178
  RYFloatingInput: a80a412e8e09f588e1e78c263f7c8b5d73319706

PODFILE CHECKSUM: 99a325eb8e0e08e890076af62eb5084cd6cae3d6

COCOAPODS: 1.9.1
